
Microsoft Visual Studio Solution File, Format Version 12.00
# Visual Studio Version 17
VisualStudioVersion = 17.5.002.0
MinimumVisualStudioVersion = 10.0.40219.1
Project("{9A19103F-16F7-4668-BE54-9A1E7A4F7556}") = "DashBoredAPI", "DashBoredAPI.csproj", "{F88F9F78-1B9B-4A59-88EA-30249671FFB2}"
EndProject
Global
	GlobalSection(SolutionConfigurationPlatforms) = preSolution
		Debug|Any CPU = Debug|Any CPU
		Release|Any CPU = Release|Any CPU
	EndGlobalSection
	GlobalSection(ProjectConfigurationPlatforms) = postSolution
		{F88F9F78-1B9B-4A59-88EA-30249671FFB2}.Debug|Any CPU.ActiveCfg = Debug|Any CPU
		{F88F9F78-1B9B-4A59-88EA-30249671FFB2}.Debug|Any CPU.Build.0 = Debug|Any CPU
		{F88F9F78-1B9B-4A59-88EA-30249671FFB2}.Release|Any CPU.ActiveCfg = Release|Any CPU
		{F88F9F78-1B9B-4A59-88EA-30249671FFB2}.Release|Any CPU.Build.0 = Release|Any CPU
	EndGlobalSection
	GlobalSection(SolutionProperties) = preSolution
		HideSolutionNode = FALSE
	EndGlobalSection
	GlobalSection(ExtensibilityGlobals) = postSolution
		SolutionGuid = {8B6184A3-8A24-4ACD-AEF9-015B4B047B34}
	EndGlobalSection
EndGlobal
